Microsoft Visual Studio Solution File, Format Version 12.00
# Visual Studio Version 17
VisualStudioVersion = 17.5.2.0
MinimumVisualStudioVersion = 10.0.40219.1
Project("{FAE04EC0-301F-11D3-BF4B-00C04F79EFBC}") = "NexusWebPanel", "NexusWebPanel.csproj", "{4C0475D9-A6C1-5F14-67CB-4D2DBB28CAE3}"
EndProject
Global
	GlobalSection(SolutionConfigurationPlatforms) = preSolution
		Debug|Any CPU = Debug|Any CPU
		Release|Any CPU = Release|Any CPU
	EndGlobalSection
	GlobalSection(ProjectConfigurationPlatforms) = postSolution
		{4C0475D9-A6C1-5F14-67CB-4D2DBB28CAE3}.Debug|Any CPU.ActiveCfg = Debug|Any CPU
		{4C0475D9-A6C1-5F14-67CB-4D2DBB28CAE3}.Debug|Any CPU.Build.0 = Debug|Any CPU
		{4C0475D9-A6C1-5F14-67CB-4D2DBB28CAE3}.Release|Any CPU.ActiveCfg = Release|Any CPU
		{4C0475D9-A6C1-5F14-67CB-4D2DBB28CAE3}.Release|Any CPU.Build.0 = Release|Any CPU
	EndGlobalSection
	GlobalSection(SolutionProperties) = preSolution
		HideSolutionNode = FALSE
	EndGlobalSection
	GlobalSection(ExtensibilityGlobals) = postSolution
		SolutionGuid = {FBA66D71-4E09-4955-83B8-3015B1496E02}
	EndGlobalSection
EndGlobal
